// !$*UTF8*$!
{
	archiveVersion = 1;
	classes = {
	};
	objectVersion = 56;
	objects = {

/* Begin PBXBuildFile section */
		F512E79C287471FB00ECB0BF /* main.c in Sources */ = {isa = PBXBuildFile; fileRef = F512E797287456FF00ECB0BF /* main.c */; };
		F512E79E2874734000ECB0BF /* Server.c in Sources */ = {isa = PBXBuildFile; fileRef = F512E79D2874734000ECB0BF /* Server.c */; };
		F512E7A02874735000ECB0BF /* Thread.c in Sources */ = {isa = PBXBuildFile; fileRef = F512E79F2874735000ECB0BF /* Thread.c */; };
		F512E7A42874774400ECB0BF /* Arguments.c in Sources */ = {isa = PBXBuildFile; fileRef = F512E7A32874774400ECB0BF /* Arguments.c */; };
		F512E7A82874789E00ECB0BF /* Functions.c in Sources */ = {isa = PBXBuildFile; fileRef = F512E7A72874789E00ECB0BF /* Functions.c */; };
		F54E64262877168300E5AB8A /* main.c in Sources */ = {isa = PBXBuildFile; fileRef = F54E64252877168300E5AB8A /* main.c */; };
		F59D397B287C9904006D3F1F /* DoublyLinkedList.c in Sources */ = {isa = PBXBuildFile; fileRef = F59D397A287C98FC006D3F1F /* DoublyLinkedList.c */; };
/* End PBXBuildFile section */

/* Begin PBXCopyFilesBuildPhase section */
		F512E788287455F100ECB0BF /* CopyFiles */ = {
			isa = PBXCopyFilesBuildPhase;
			buildActionMask = 2147483647;
			dstPath = /usr/share/man/man1/;
			dstSubfolderSpec = 0;
			files = (
			);
			runOnlyForDeploymentPostprocessing = 1;
		};
		F54E64212877168300E5AB8A /* CopyFiles */ = {
			isa = PBXCopyFilesBuildPhase;
			buildActionMask = 2147483647;
			dstPath = /usr/share/man/man1/;
			dstSubfolderSpec = 0;
			files = (
			);
			runOnlyForDeploymentPostprocessing = 1;
		};
/* End PBXCopyFilesBuildPhase section */

/* Begin PBXFileReference section */
		F512E78A287455F100ECB0BF /* MessageTerminalServer */ = {isa = PBXFileReference; explicitFileType = "compiled.mach-o.executable"; includeInIndex = 0; path = MessageTerminalServer; sourceTree = BUILT_PRODUCTS_DIR; };
		F512E797287456FF00ECB0BF /* main.c */ = {isa = PBXFileReference; lastKnownFileType = sourcecode.c.c; path = main.c; sourceTree = "<group>"; };
		F512E79928746FAE00ECB0BF /* ServerInit.h */ = {isa = PBXFileReference; lastKnownFileType = sourcecode.c.h; path = ServerInit.h; sourceTree = "<group>"; };
		F512E79D2874734000ECB0BF /* Server.c */ = {isa = PBXFileReference; fileEncoding = 4; lastKnownFileType = sourcecode.c.c; path = Server.c; sourceTree = "<group>"; };
		F512E79F2874735000ECB0BF /* Thread.c */ = {isa = PBXFileReference; lastKnownFileType = sourcecode.c.c; path = Thread.c; sourceTree = "<group>"; };
		F512E7A32874774400ECB0BF /* Arguments.c */ = {isa = PBXFileReference; fileEncoding = 4; lastKnownFileType = sourcecode.c.c; path = Arguments.c; sourceTree = "<group>"; };
		F512E7A62874789E00ECB0BF /* Functions.h */ = {isa = PBXFileReference; lastKnownFileType = sourcecode.c.h; path = Functions.h; sourceTree = "<group>"; };
		F512E7A72874789E00ECB0BF /* Functions.c */ = {isa = PBXFileReference; lastKnownFileType = sourcecode.c.c; path = Functions.c; sourceTree = "<group>"; };
		F512E7A92874805000ECB0BF /* define.h */ = {isa = PBXFileReference; lastKnownFileType = sourcecode.c.h; path = define.h; sourceTree = "<group>"; };
		F54E64232877168300E5AB8A /* MessageTerminalClient */ = {isa = PBXFileReference; explicitFileType = "compiled.mach-o.executable"; includeInIndex = 0; path = MessageTerminalClient; sourceTree = BUILT_PRODUCTS_DIR; };
		F54E64252877168300E5AB8A /* main.c */ = {isa = PBXFileReference; lastKnownFileType = sourcecode.c.c; path = main.c; sourceTree = "<group>"; };
		F59D3979287C98FC006D3F1F /* DoublyLinkedList.h */ = {isa = PBXFileReference; lastKnownFileType = sourcecode.c.h; path = DoublyLinkedList.h; sourceTree = "<group>"; };
		F59D397A287C98FC006D3F1F /* DoublyLinkedList.c */ = {isa = PBXFileReference; lastKnownFileType = sourcecode.c.c; path = DoublyLinkedList.c; sourceTree = "<group>"; };
		F5ABA7A02879E0F400DF8588 /* DataStructures.h */ = {isa = PBXFileReference; lastKnownFileType = sourcecode.c.h; path = DataStructures.h; sourceTree = "<group>"; };
		F5BFA1E12875B63D00E9EF48 /* ThreadInfo.h */ = {isa = PBXFileReference; lastKnownFileType = sourcecode.c.h; path = ThreadInfo.h; sourceTree = "<group>"; };
/* End PBXFileReference section */

/* Begin PBXFrameworksBuildPhase section */
		F512E787287455F100ECB0BF /* Frameworks */ = {
			isa = PBXFrameworksBuildPhase;
			buildActionMask = 2147483647;
			files = (
			);
			runOnlyForDeploymentPostprocessing = 0;
		};
		F54E64202877168300E5AB8A /* Frameworks */ = {
			isa = PBXFrameworksBuildPhase;
			buildActionMask = 2147483647;
			files = (
			);
			runOnlyForDeploymentPostprocessing = 0;
		};
/* End PBXFrameworksBuildPhase section */

/* Begin PBXGroup section */
		F512E781287455F100ECB0BF = {
			isa = PBXGroup;
			children = (
				F512E7A92874805000ECB0BF /* define.h */,
				F5ABA79F2879E09B00DF8588 /* DataStructures */,
				F512E7A52874787500ECB0BF /* Functions */,
				F512E79828746F8F00ECB0BF /* ServerInit */,
				F512E796287456FF00ECB0BF /* MessageTerminalServer */,
				F54E64242877168300E5AB8A /* MessageTerminalClient */,
				F512E78B287455F100ECB0BF /* Products */,
			);
			sourceTree = "<group>";
		};
		F512E78B287455F100ECB0BF /* Products */ = {
			isa = PBXGroup;
			children = (
				F512E78A287455F100ECB0BF /* MessageTerminalServer */,
				F54E64232877168300E5AB8A /* MessageTerminalClient */,
			);
			name = Products;
			sourceTree = "<group>";
		};
		F512E796287456FF00ECB0BF /* MessageTerminalServer */ = {
			isa = PBXGroup;
			children = (
				F5BFA1E12875B63D00E9EF48 /* ThreadInfo.h */,
				F512E797287456FF00ECB0BF /* main.c */,
			);
			path = MessageTerminalServer;
			sourceTree = "<group>";
		};
		F512E79828746F8F00ECB0BF /* ServerInit */ = {
			isa = PBXGroup;
			children = (
				F512E79928746FAE00ECB0BF /* ServerInit.h */,
				F512E79D2874734000ECB0BF /* Server.c */,
				F512E79F2874735000ECB0BF /* Thread.c */,
				F512E7A32874774400ECB0BF /* Arguments.c */,
			);
			path = ServerInit;
			sourceTree = "<group>";
		};
		F512E7A52874787500ECB0BF /* Functions */ = {
			isa = PBXGroup;
			children = (
				F512E7A62874789E00ECB0BF /* Functions.h */,
				F512E7A72874789E00ECB0BF /* Functions.c */,
			);
			path = Functions;
			sourceTree = "<group>";
		};
		F54E64242877168300E5AB8A /* MessageTerminalClient */ = {
			isa = PBXGroup;
			children = (
				F54E64252877168300E5AB8A /* main.c */,
			);
			path = MessageTerminalClient;
			sourceTree = "<group>";
		};
		F5ABA79F2879E09B00DF8588 /* DataStructures */ = {
			isa = PBXGroup;
			children = (
				F5ABA7A02879E0F400DF8588 /* DataStructures.h */,
				F59D3979287C98FC006D3F1F /* DoublyLinkedList.h */,
				F59D397A287C98FC006D3F1F /* DoublyLinkedList.c */,
			);
			path = DataStructures;
			sourceTree = "<group>";
		};
/* End PBXGroup section */

/* Begin PBXNativeTarget section */
		F512E789287455F100ECB0BF /* MessageTerminalServer */ = {
			isa = PBXNativeTarget;
			buildConfigurationList = F512E791287455F100ECB0BF /* Build configuration list for PBXNativeTarget "MessageTerminalServer" */;
			buildPhases = (
				F512E786287455F100ECB0BF /* Sources */,
				F512E787287455F100ECB0BF /* Frameworks */,
				F512E788287455F100ECB0BF /* CopyFiles */,
			);
			buildRules = (
			);
			dependencies = (
			);
			name = MessageTerminalServer;
			productName = MessageTerminal;
			productReference = F512E78A287455F100ECB0BF /* MessageTerminalServer */;
			productType = "com.apple.product-type.tool";
		};
		F54E64222877168300E5AB8A /* MessageTerminalClient */ = {
			isa = PBXNativeTarget;
			buildConfigurationList = F54E64272877168300E5AB8A /* Build configuration list for PBXNativeTarget "MessageTerminalClient" */;
			buildPhases = (
				F54E641F2877168300E5AB8A /* Sources */,
				F54E64202877168300E5AB8A /* Frameworks */,
				F54E64212877168300E5AB8A /* CopyFiles */,
			);
			buildRules = (
			);
			dependencies = (
			);
			name = MessageTerminalClient;
			productName = MessageTerminalClient;
			productReference = F54E64232877168300E5AB8A /* MessageTerminalClient */;
			productType = "com.apple.product-type.tool";
		};
/* End PBXNativeTarget section */

/* Begin PBXProject section */
		F512E782287455F100ECB0BF /* Project object */ = {
			isa = PBXProject;
			attributes = {
				BuildIndependentTargetsInParallel = 1;
				LastUpgradeCheck = 1400;
				TargetAttributes = {
					F512E789287455F100ECB0BF = {
						CreatedOnToolsVersion = 14.0;
					};
					F54E64222877168300E5AB8A = {
						CreatedOnToolsVersion = 14.0;
					};
				};
			};
			buildConfigurationList = F512E785287455F100ECB0BF /* Build configuration list for PBXProject "MessageTerminal" */;
			compatibilityVersion = "Xcode 14.0";
			developmentRegion = en;
			hasScannedForEncodings = 0;
			knownRegions = (
				en,
				Base,
			);
			mainGroup = F512E781287455F100ECB0BF;
			productRefGroup = F512E78B287455F100ECB0BF /* Products */;
			projectDirPath = "";
			projectRoot = "";
			targets = (
				F512E789287455F100ECB0BF /* MessageTerminalServer */,
				F54E64222877168300E5AB8A /* MessageTerminalClient */,
			);
		};
/* End PBXProject section */

/* Begin PBXSourcesBuildPhase section */
		F512E786287455F100ECB0BF /* Sources */ = {
			isa = PBXSourcesBuildPhase;
			buildActionMask = 2147483647;
			files = (
				F512E7A02874735000ECB0BF /* Thread.c in Sources */,
				F512E79E2874734000ECB0BF /* Server.c in Sources */,
				F512E7A82874789E00ECB0BF /* Functions.c in Sources */,
				F59D397B287C9904006D3F1F /* DoublyLinkedList.c in Sources */,
				F512E7A42874774400ECB0BF /* Arguments.c in Sources */,
				F512E79C287471FB00ECB0BF /* main.c in Sources */,
			);
			runOnlyForDeploymentPostprocessing = 0;
		};
		F54E641F2877168300E5AB8A /* Sources */ = {
			isa = PBXSourcesBuildPhase;
			buildActionMask = 2147483647;
			files = (
				F54E64262877168300E5AB8A /* main.c in Sources */,
			);
			runOnlyForDeploymentPostprocessing = 0;
		};
/* End PBXSourcesBuildPhase section */

/* Begin XCBuildConfiguration section */
		F512E78F287455F100ECB0BF /* Debug */ = {
			isa = XCBuildConfiguration;
			buildSettings = {
				ALWAYS_SEARCH_USER_PATHS = NO;
				CLANG_ANALYZER_NONNULL = YES;
				CLANG_ANALYZER_NUMBER_OBJECT_CONVERSION = YES_AGGRESSIVE;
				CLANG_CXX_LANGUAGE_STANDARD = "gnu++17";
				CLANG_ENABLE_MODULES = YES;
				CLANG_ENABLE_OBJC_ARC = YES;
				CLANG_ENABLE_OBJC_WEAK = YES;
				CLANG_WARN_BLOCK_CAPTURE_AUTORELEASING = YES;
				CLANG_WARN_BOOL_CONVERSION = YES;
				CLANG_WARN_COMMA = YES;
				CLANG_WARN_CONSTANT_CONVERSION = YES;
				CLANG_WARN_DEPRECATED_OBJC_IMPLEMENTATIONS = YES;
				CLANG_WARN_DIRECT_OBJC_ISA_USAGE = YES_ERROR;
				CLANG_WARN_DOCUMENTATION_COMMENTS = YES;
				CLANG_WARN_EMPTY_BODY = YES;
				CLANG_WARN_ENUM_CONVERSION = YES;
				CLANG_WARN_INFINITE_RECURSION = YES;
				CLANG_WARN_INT_CONVERSION = YES;
				CLANG_WARN_NON_LITERAL_NULL_CONVERSION = YES;
				CLANG_WARN_OBJC_IMPLICIT_RETAIN_SELF = YES;
				CLANG_WARN_OBJC_LITERAL_CONVERSION = YES;
				CLANG_WARN_OBJC_ROOT_CLASS = YES_ERROR;
				CLANG_WARN_QUOTED_INCLUDE_IN_FRAMEWORK_HEADER = YES;
				CLANG_WARN_RANGE_LOOP_ANALYSIS = YES;
				CLANG_WARN_STRICT_PROTOTYPES = YES;
				CLANG_WARN_SUSPICIOUS_MOVE = YES;
				CLANG_WARN_UNGUARDED_AVAILABILITY = YES_AGGRESSIVE;
				CLANG_WARN_UNREACHABLE_CODE = YES;
				CLANG_WARN__DUPLICATE_METHOD_MATCH = YES;
				COPY_PHASE_STRIP = NO;
				DEBUG_INFORMATION_FORMAT = dwarf;
				ENABLE_STRICT_OBJC_MSGSEND = YES;
				ENABLE_TESTABILITY = YES;
				GCC_C_LANGUAGE_STANDARD = gnu11;
				GCC_DYNAMIC_NO_PIC = NO;
				GCC_NO_COMMON_BLOCKS = YES;
				GCC_OPTIMIZATION_LEVEL = 0;
				GCC_PREPROCESSOR_DEFINITIONS = (
					"DEBUG=1",
					"$(inherited)",
				);
				GCC_WARN_64_TO_32_BIT_CONVERSION = YES;
				GCC_WARN_ABOUT_RETURN_TYPE = YES_ERROR;
				GCC_WARN_UNDECLARED_SELECTOR = YES;
				GCC_WARN_UNINITIALIZED_AUTOS = YES_AGGRESSIVE;
				GCC_WARN_UNUSED_FUNCTION = YES;
				GCC_WARN_UNUSED_VARIABLE = YES;
				MACOSX_DEPLOYMENT_TARGET = 13.0;
				MTL_ENABLE_DEBUG_INFO = INCLUDE_SOURCE;
				MTL_FAST_MATH = YES;
				ONLY_ACTIVE_ARCH = YES;
				SDKROOT = macosx;
			};
			name = Debug;
		};
		F512E790287455F100ECB0BF /* Release */ = {
			isa = XCBuildConfiguration;
			buildSettings = {
				ALWAYS_SEARCH_USER_PATHS = NO;
				CLANG_ANALYZER_NONNULL = YES;
				CLANG_ANALYZER_NUMBER_OBJECT_CONVERSION = YES_AGGRESSIVE;
				CLANG_CXX_LANGUAGE_STANDARD = "gnu++17";
				CLANG_ENABLE_MODULES = YES;
				CLANG_ENABLE_OBJC_ARC = YES;
				CLANG_ENABLE_OBJC_WEAK = YES;
				CLANG_WARN_BLOCK_CAPTURE_AUTORELEASING = YES;
				CLANG_WARN_BOOL_CONVERSION = YES;
				CLANG_WARN_COMMA = YES;
				CLANG_WARN_CONSTANT_CONVERSION = YES;
				CLANG_WARN_DEPRECATED_OBJC_IMPLEMENTATIONS = YES;
				CLANG_WARN_DIRECT_OBJC_ISA_USAGE = YES_ERROR;
				CLANG_WARN_DOCUMENTATION_COMMENTS = YES;
				CLANG_WARN_EMPTY_BODY = YES;
				CLANG_WARN_ENUM_CONVERSION = YES;
				CLANG_WARN_INFINITE_RECURSION = YES;
				CLANG_WARN_INT_CONVERSION = YES;
				CLANG_WARN_NON_LITERAL_NULL_CONVERSION = YES;
				CLANG_WARN_OBJC_IMPLICIT_RETAIN_SELF = YES;
				CLANG_WARN_OBJC_LITERAL_CONVERSION = YES;
				CLANG_WARN_OBJC_ROOT_CLASS = YES_ERROR;
				CLANG_WARN_QUOTED_INCLUDE_IN_FRAMEWORK_HEADER = YES;
				CLANG_WARN_RANGE_LOOP_ANALYSIS = YES;
				CLANG_WARN_STRICT_PROTOTYPES = YES;
				CLANG_WARN_SUSPICIOUS_MOVE = YES;
				CLANG_WARN_UNGUARDED_AVAILABILITY = YES_AGGRESSIVE;
				CLANG_WARN_UNREACHABLE_CODE = YES;
				CLANG_WARN__DUPLICATE_METHOD_MATCH = YES;
				COPY_PHASE_STRIP = NO;
				DEBUG_INFORMATION_FORMAT = "dwarf-with-dsym";
				ENABLE_NS_ASSERTIONS = NO;
				ENABLE_STRICT_OBJC_MSGSEND = YES;
				GCC_C_LANGUAGE_STANDARD = gnu11;
				GCC_NO_COMMON_BLOCKS = YES;
				GCC_WARN_64_TO_32_BIT_CONVERSION = YES;
				GCC_WARN_ABOUT_RETURN_TYPE = YES_ERROR;
				GCC_WARN_UNDECLARED_SELECTOR = YES;
				GCC_WARN_UNINITIALIZED_AUTOS = YES_AGGRESSIVE;
				GCC_WARN_UNUSED_FUNCTION = YES;
				GCC_WARN_UNUSED_VARIABLE = YES;
				MACOSX_DEPLOYMENT_TARGET = 13.0;
				MTL_ENABLE_DEBUG_INFO = NO;
				MTL_FAST_MATH = YES;
				SDKROOT = macosx;
			};
			name = Release;
		};
		F512E792287455F100ECB0BF /* Debug */ = {
			isa = XCBuildConfiguration;
			buildSettings = {
				CODE_SIGN_STYLE = Automatic;
				PRODUCT_NAME = "$(TARGET_NAME)";
			};
			name = Debug;
		};
		F512E793287455F100ECB0BF /* Release */ = {
			isa = XCBuildConfiguration;
			buildSettings = {
				CODE_SIGN_STYLE = Automatic;
				PRODUCT_NAME = "$(TARGET_NAME)";
			};
			name = Release;
		};
		F54E64282877168300E5AB8A /* Debug */ = {
			isa = XCBuildConfiguration;
			buildSettings = {
				CODE_SIGN_STYLE = Automatic;
				PRODUCT_NAME = "$(TARGET_NAME)";
			};
			name = Debug;
		};
		F54E64292877168300E5AB8A /* Release */ = {
			isa = XCBuildConfiguration;
			buildSettings = {
				CODE_SIGN_STYLE = Automatic;
				PRODUCT_NAME = "$(TARGET_NAME)";
			};
			name = Release;
		};
/* End XCBuildConfiguration section */

/* Begin XCConfigurationList section */
		F512E785287455F100ECB0BF /* Build configuration list for PBXProject "MessageTerminal" */ = {
			isa = XCConfigurationList;
			buildConfigurations = (
				F512E78F287455F100ECB0BF /* Debug */,
				F512E790287455F100ECB0BF /* Release */,
			);
			defaultConfigurationIsVisible = 0;
			defaultConfigurationName = Release;
		};
		F512E791287455F100ECB0BF /* Build configuration list for PBXNativeTarget "MessageTerminalServer" */ = {
			isa = XCConfigurationList;
			buildConfigurations = (
				F512E792287455F100ECB0BF /* Debug */,
				F512E793287455F100ECB0BF /* Release */,
			);
			defaultConfigurationIsVisible = 0;
			defaultConfigurationName = Release;
		};
		F54E64272877168300E5AB8A /* Build configuration list for PBXNativeTarget "MessageTerminalClient" */ = {
			isa = XCConfigurationList;
			buildConfigurations = (
				F54E64282877168300E5AB8A /* Debug */,
				F54E64292877168300E5AB8A /* Release */,
			);
			defaultConfigurationIsVisible = 0;
			defaultConfigurationName = Release;
		};
/* End XCConfigurationList section */
	};
	rootObject = F512E782287455F100ECB0BF /* Project object */;
}
